// !$*UTF8*$!
{
	archiveVersion = 1;
	classes = {
	};
	objectVersion = 77;
	objects = {

/* Begin PBXContainerItemProxy section */
		69B7CEFD2ED3D0000025CCE7 /* PBXContainerItemProxy */ = {
			isa = PBXContainerItemProxy;
			containerPortal = 69B7CEE52ED3CFFD0025CCE7 /* Project object */;
			proxyType = 1;
			remoteGlobalIDString = 69B7CEEC2ED3CFFD0025CCE7;
			remoteInfo = FolioMind;
		};
		69B7CF072ED3D0000025CCE7 /* PBXContainerItemProxy */ = {
			isa = PBXContainerItemProxy;
			containerPortal = 69B7CEE52ED3CFFD0025CCE7 /* Project object */;
			proxyType = 1;
			remoteGlobalIDString = 69B7CEEC2ED3CFFD0025CCE7;
			remoteInfo = FolioMind;
		};
/* End PBXContainerItemProxy section */

/* Begin PBXFileReference section */
		69B7CEED2ED3CFFE0025CCE7 /* FolioMind.app */ = {isa = PBXFileReference; explicitFileType = wrapper.application; includeInIndex = 0; path = FolioMind.app; sourceTree = BUILT_PRODUCTS_DIR; };
		69B7CEFC2ED3D0000025CCE7 /* FolioMindTests.xctest */ = {isa = PBXFileReference; explicitFileType = wrapper.cfbundle; includeInIndex = 0; path = FolioMindTests.xctest; sourceTree = BUILT_PRODUCTS_DIR; };
		69B7CF062ED3D0000025CCE7 /* FolioMindUITests.xctest */ = {isa = PBXFileReference; explicitFileType = wrapper.cfbundle; includeInIndex = 0; path = FolioMindUITests.xctest; sourceTree = BUILT_PRODUCTS_DIR; };
/* End PBXFileReference section */

/* Begin PBXFileSystemSynchronizedBuildFileExceptionSet section */
		69D841FF2EE4E62A00C72B11 /* Exceptions for "FolioMind" folder in "FolioMind" target */ = {
			isa = PBXFileSystemSynchronizedBuildFileExceptionSet;
			membershipExceptions = (
				Info.plist,
			);
			target = 69B7CEEC2ED3CFFD0025CCE7 /* FolioMind */;
		};
/* End PBXFileSystemSynchronizedBuildFileExceptionSet section */

/* Begin PBXFileSystemSynchronizedRootGroup section */
		69B7CEEF2ED3CFFE0025CCE7 /* FolioMind */ = {
			isa = PBXFileSystemSynchronizedRootGroup;
			exceptions = (
				69D841FF2EE4E62A00C72B11 /* Exceptions for "FolioMind" folder in "FolioMind" target */,
			);
			path = FolioMind;
			sourceTree = "<group>";
		};
		69B7CEFF2ED3D0000025CCE7 /* FolioMindTests */ = {
			isa = PBXFileSystemSynchronizedRootGroup;
			path = FolioMindTests;
			sourceTree = "<group>";
		};
		69B7CF092ED3D0000025CCE7 /* FolioMindUITests */ = {
			isa = PBXFileSystemSynchronizedRootGroup;
			path = FolioMindUITests;
			sourceTree = "<group>";
		};
/* End PBXFileSystemSynchronizedRootGroup section */

/* Begin PBXFrameworksBuildPhase section */
		69B7CEEA2ED3CFFD0025CCE7 /* Frameworks */ = {
			isa = PBXFrameworksBuildPhase;
			buildActionMask = 2147483647;
			files = (
			);
			runOnlyForDeploymentPostprocessing = 0;
		};
		69B7CEF92ED3D0000025CCE7 /* Frameworks */ = {
			isa = PBXFrameworksBuildPhase;
			buildActionMask = 2147483647;
			files = (
			);
			runOnlyForDeploymentPostprocessing = 0;
		};
		69B7CF032ED3D0000025CCE7 /* Frameworks */ = {
			isa = PBXFrameworksBuildPhase;
			buildActionMask = 2147483647;
			files = (
			);
			runOnlyForDeploymentPostprocessing = 0;
		};
/* End PBXFrameworksBuildPhase section */

/* Begin PBXGroup section */
		69B7CEE42ED3CFFD0025CCE7 = {
			isa = PBXGroup;
			children = (
				69B7CEEF2ED3CFFE0025CCE7 /* FolioMind */,
				69B7CEFF2ED3D0000025CCE7 /* FolioMindTests */,
				69B7CF092ED3D0000025CCE7 /* FolioMindUITests */,
				69B7CEEE2ED3CFFE0025CCE7 /* Products */,
			);
			sourceTree = "<group>";
		};
		69B7CEEE2ED3CFFE0025CCE7 /* Products */ = {
			isa = PBXGroup;
			children = (
				69B7CEED2ED3CFFE0025CCE7 /* FolioMind.app */,
				69B7CEFC2ED3D0000025CCE7 /* FolioMindTests.xctest */,
				69B7CF062ED3D0000025CCE7 /* FolioMindUITests.xctest */,
			);
			name = Products;
			sourceTree = "<group>";
		};
/* End PBXGroup section */

/* Begin PBXNativeTarget section */
		69B7CEEC2ED3CFFD0025CCE7 /* FolioMind */ = {
			isa = PBXNativeTarget;
			buildConfigurationList = 69B7CF102ED3D0000025CCE7 /* Build configuration list for PBXNativeTarget "FolioMind" */;
			buildPhases = (
				69B7CEE92ED3CFFD0025CCE7 /* Sources */,
				69B7CEEA2ED3CFFD0025CCE7 /* Frameworks */,
				69B7CEEB2ED3CFFD0025CCE7 /* Resources */,
			);
			buildRules = (
			);
			dependencies = (
			);
			fileSystemSynchronizedGroups = (
				69B7CEEF2ED3CFFE0025CCE7 /* FolioMind */,
			);
			name = FolioMind;
			packageProductDependencies = (
			);
			productName = FolioMind;
			productReference = 69B7CEED2ED3CFFE0025CCE7 /* FolioMind.app */;
			productType = "com.apple.product-type.application";
		};
		69B7CEFB2ED3D0000025CCE7 /* FolioMindTests */ = {
			isa = PBXNativeTarget;
			buildConfigurationList = 69B7CF132ED3D0000025CCE7 /* Build configuration list for PBXNativeTarget "FolioMindTests" */;
			buildPhases = (
				69B7CEF82ED3D0000025CCE7 /* Sources */,
				69B7CEF92ED3D0000025CCE7 /* Frameworks */,
				69B7CEFA2ED3D0000025CCE7 /* Resources */,
			);
			buildRules = (
			);
			dependencies = (
				69B7CEFE2ED3D0000025CCE7 /* PBXTargetDependency */,
			);
			fileSystemSynchronizedGroups = (
				69B7CEFF2ED3D0000025CCE7 /* FolioMindTests */,
			);
			name = FolioMindTests;
			packageProductDependencies = (
			);
			productName = FolioMindTests;
			productReference = 69B7CEFC2ED3D0000025CCE7 /* FolioMindTests.xctest */;
			productType = "com.apple.product-type.bundle.unit-test";
		};
		69B7CF052ED3D0000025CCE7 /* FolioMindUITests */ = {
			isa = PBXNativeTarget;
			buildConfigurationList = 69B7CF162ED3D0000025CCE7 /* Build configuration list for PBXNativeTarget "FolioMindUITests" */;
			buildPhases = (
				69B7CF022ED3D0000025CCE7 /* Sources */,
				69B7CF032ED3D0000025CCE7 /* Frameworks */,
				69B7CF042ED3D0000025CCE7 /* Resources */,
			);
			buildRules = (
			);
			dependencies = (
				69B7CF082ED3D0000025CCE7 /* PBXTargetDependency */,
			);
			fileSystemSynchronizedGroups = (
				69B7CF092ED3D0000025CCE7 /* FolioMindUITests */,
			);
			name = FolioMindUITests;
			packageProductDependencies = (
			);
			productName = FolioMindUITests;
			productReference = 69B7CF062ED3D0000025CCE7 /* FolioMindUITests.xctest */;
			productType = "com.apple.product-type.bundle.ui-testing";
		};
/* End PBXNativeTarget section */

/* Begin PBXProject section */
		69B7CEE52ED3CFFD0025CCE7 /* Project object */ = {
			isa = PBXProject;
			attributes = {
				BuildIndependentTargetsInParallel = 1;
				LastSwiftUpdateCheck = 1630;
				LastUpgradeCheck = 1630;
				TargetAttributes = {
					69B7CEEC2ED3CFFD0025CCE7 = {
						CreatedOnToolsVersion = 16.3;
					};
					69B7CEFB2ED3D0000025CCE7 = {
						CreatedOnToolsVersion = 16.3;
						TestTargetID = 69B7CEEC2ED3CFFD0025CCE7;
					};
					69B7CF052ED3D0000025CCE7 = {
						CreatedOnToolsVersion = 16.3;
						TestTargetID = 69B7CEEC2ED3CFFD0025CCE7;
					};
				};
			};
			buildConfigurationList = 69B7CEE82ED3CFFD0025CCE7 /* Build configuration list for PBXProject "FolioMind" */;
			developmentRegion = en;
			hasScannedForEncodings = 0;
			knownRegions = (
				en,
				Base,
				"zh-Hans",
				"zh-Hant",
			);
			mainGroup = 69B7CEE42ED3CFFD0025CCE7;
			minimizedProjectReferenceProxies = 1;
			preferredProjectObjectVersion = 77;
			productRefGroup = 69B7CEEE2ED3CFFE0025CCE7 /* Products */;
			projectDirPath = "";
			projectRoot = "";
			targets = (
				69B7CEEC2ED3CFFD0025CCE7 /* FolioMind */,
				69B7CEFB2ED3D0000025CCE7 /* FolioMindTests */,
				69B7CF052ED3D0000025CCE7 /* FolioMindUITests */,
			);
		};
/* End PBXProject section */

/* Begin PBXResourcesBuildPhase section */
		69B7CEEB2ED3CFFD0025CCE7 /* Resources */ = {
			isa = PBXResourcesBuildPhase;
			buildActionMask = 2147483647;
			files = (
			);
			runOnlyForDeploymentPostprocessing = 0;
		};
		69B7CEFA2ED3D0000025CCE7 /* Resources */ = {
			isa = PBXResourcesBuildPhase;
			buildActionMask = 2147483647;
			files = (
			);
			runOnlyForDeploymentPostprocessing = 0;
		};
		69B7CF042ED3D0000025CCE7 /* Resources */ = {
			isa = PBXResourcesBuildPhase;
			buildActionMask = 2147483647;
			files = (
			);
			runOnlyForDeploymentPostprocessing = 0;
		};
/* End PBXResourcesBuildPhase section */

/* Begin PBXSourcesBuildPhase section */
		69B7CEE92ED3CFFD0025CCE7 /* Sources */ = {
			isa = PBXSourcesBuildPhase;
			buildActionMask = 2147483647;
			files = (
			);
			runOnlyForDeploymentPostprocessing = 0;
		};
		69B7CEF82ED3D0000025CCE7 /* Sources */ = {
			isa = PBXSourcesBuildPhase;
			buildActionMask = 2147483647;
			files = (
			);
			runOnlyForDeploymentPostprocessing = 0;
		};
		69B7CF022ED3D0000025CCE7 /* Sources */ = {
			isa = PBXSourcesBuildPhase;
			buildActionMask = 2147483647;
			files = (
			);
			runOnlyForDeploymentPostprocessing = 0;
		};
/* End PBXSourcesBuildPhase section */

/* Begin PBXTargetDependency section */
		69B7CEFE2ED3D0000025CCE7 /* PBXTargetDependency */ = {
			isa = PBXTargetDependency;
			target = 69B7CEEC2ED3CFFD0025CCE7 /* FolioMind */;
			targetProxy = 69B7CEFD2ED3D0000025CCE7 /* PBXContainerItemProxy */;
		};
		69B7CF082ED3D0000025CCE7 /* PBXTargetDependency */ = {
			isa = PBXTargetDependency;
			target = 69B7CEEC2ED3CFFD0025CCE7 /* FolioMind */;
			targetProxy = 69B7CF072ED3D0000025CCE7 /* PBXContainerItemProxy */;
		};
/* End PBXTargetDependency section */

/* Begin XCBuildConfiguration section */
		69B7CF0E2ED3D0000025CCE7 /* Debug */ = {
			isa = XCBuildConfiguration;
			buildSettings = {
				ALWAYS_SEARCH_USER_PATHS = NO;
				ASSETCATALOG_COMPILER_GENERATE_SWIFT_ASSET_SYMBOL_EXTENSIONS = YES;
				CLANG_ANALYZER_NONNULL = YES;
				CLANG_ANALYZER_NUMBER_OBJECT_CONVERSION = YES_AGGRESSIVE;
				CLANG_CXX_LANGUAGE_STANDARD = "gnu++20";
				CLANG_ENABLE_MODULES = YES;
				CLANG_ENABLE_OBJC_ARC = YES;
				CLANG_ENABLE_OBJC_WEAK = YES;
				CLANG_WARN_BLOCK_CAPTURE_AUTORELEASING = YES;
				CLANG_WARN_BOOL_CONVERSION = YES;
				CLANG_WARN_COMMA = YES;
				CLANG_WARN_CONSTANT_CONVERSION = YES;
				CLANG_WARN_DEPRECATED_OBJC_IMPLEMENTATIONS = YES;
				CLANG_WARN_DIRECT_OBJC_ISA_USAGE = YES_ERROR;
				CLANG_WARN_DOCUMENTATION_COMMENTS = YES;
				CLANG_WARN_EMPTY_BODY = YES;
				CLANG_WARN_ENUM_CONVERSION = YES;
				CLANG_WARN_INFINITE_RECURSION = YES;
				CLANG_WARN_INT_CONVERSION = YES;
				CLANG_WARN_NON_LITERAL_NULL_CONVERSION = YES;
				CLANG_WARN_OBJC_IMPLICIT_RETAIN_SELF = YES;
				CLANG_WARN_OBJC_LITERAL_CONVERSION = YES;
				CLANG_WARN_OBJC_ROOT_CLASS = YES_ERROR;
				CLANG_WARN_QUOTED_INCLUDE_IN_FRAMEWORK_HEADER = YES;
				CLANG_WARN_RANGE_LOOP_ANALYSIS = YES;
				CLANG_WARN_STRICT_PROTOTYPES = YES;
				CLANG_WARN_SUSPICIOUS_MOVE = YES;
				CLANG_WARN_UNGUARDED_AVAILABILITY = YES_AGGRESSIVE;
				CLANG_WARN_UNREACHABLE_CODE = YES;
				CLANG_WARN__DUPLICATE_METHOD_MATCH = YES;
				COPY_PHASE_STRIP = NO;
				DEBUG_INFORMATION_FORMAT = "dwarf-with-dsym";
				DEVELOPMENT_TEAM = PLCQ429BJM;
				ENABLE_STRICT_OBJC_MSGSEND = YES;
				ENABLE_TESTABILITY = YES;
				ENABLE_USER_SCRIPT_SANDBOXING = YES;
				GCC_C_LANGUAGE_STANDARD = gnu17;
				GCC_DYNAMIC_NO_PIC = NO;
				GCC_NO_COMMON_BLOCKS = YES;
				GCC_OPTIMIZATION_LEVEL = 0;
				GCC_PREPROCESSOR_DEFINITIONS = (
					"DEBUG=1",
					"$(inherited)",
				);
				GCC_WARN_64_TO_32_BIT_CONVERSION = YES;
				GCC_WARN_ABOUT_RETURN_TYPE = YES_ERROR;
				GCC_WARN_UNDECLARED_SELECTOR = YES;
				GCC_WARN_UNINITIALIZED_AUTOS = YES_AGGRESSIVE;
				GCC_WARN_UNUSED_FUNCTION = YES;
				GCC_WARN_UNUSED_VARIABLE = YES;
				IPHONEOS_DEPLOYMENT_TARGET = 18.4;
				LOCALIZATION_PREFERS_STRING_CATALOGS = YES;
				MTL_ENABLE_DEBUG_INFO = INCLUDE_SOURCE;
				MTL_FAST_MATH = YES;
				ONLY_ACTIVE_ARCH = YES;
				SDKROOT = iphoneos;
				SWIFT_ACTIVE_COMPILATION_CONDITIONS = "DEBUG $(inherited)";
				SWIFT_OPTIMIZATION_LEVEL = "-Onone";
			};
			name = Debug;
		};
		69B7CF0F2ED3D0000025CCE7 /* Release */ = {
			isa = XCBuildConfiguration;
			buildSettings = {
				ALWAYS_SEARCH_USER_PATHS = NO;
				ASSETCATALOG_COMPILER_GENERATE_SWIFT_ASSET_SYMBOL_EXTENSIONS = YES;
				CLANG_ANALYZER_NONNULL = YES;
				CLANG_ANALYZER_NUMBER_OBJECT_CONVERSION = YES_AGGRESSIVE;
				CLANG_CXX_LANGUAGE_STANDARD = "gnu++20";
				CLANG_ENABLE_MODULES = YES;
				CLANG_ENABLE_OBJC_ARC = YES;
				CLANG_ENABLE_OBJC_WEAK = YES;
				CLANG_WARN_BLOCK_CAPTURE_AUTORELEASING = YES;
				CLANG_WARN_BOOL_CONVERSION = YES;
				CLANG_WARN_COMMA = YES;
				CLANG_WARN_CONSTANT_CONVERSION = YES;
				CLANG_WARN_DEPRECATED_OBJC_IMPLEMENTATIONS = YES;
				CLANG_WARN_DIRECT_OBJC_ISA_USAGE = YES_ERROR;
				CLANG_WARN_DOCUMENTATION_COMMENTS = YES;
				CLANG_WARN_EMPTY_BODY = YES;
				CLANG_WARN_ENUM_CONVERSION = YES;
				CLANG_WARN_INFINITE_RECURSION = YES;
				CLANG_WARN_INT_CONVERSION = YES;
				CLANG_WARN_NON_LITERAL_NULL_CONVERSION = YES;
				CLANG_WARN_OBJC_IMPLICIT_RETAIN_SELF = YES;
				CLANG_WARN_OBJC_LITERAL_CONVERSION = YES;
				CLANG_WARN_OBJC_ROOT_CLASS = YES_ERROR;
				CLANG_WARN_QUOTED_INCLUDE_IN_FRAMEWORK_HEADER = YES;
				CLANG_WARN_RANGE_LOOP_ANALYSIS = YES;
				CLANG_WARN_STRICT_PROTOTYPES = YES;
				CLANG_WARN_SUSPICIOUS_MOVE = YES;
				CLANG_WARN_UNGUARDED_AVAILABILITY = YES_AGGRESSIVE;
				CLANG_WARN_UNREACHABLE_CODE = YES;
				CLANG_WARN__DUPLICATE_METHOD_MATCH = YES;
				COPY_PHASE_STRIP = NO;
				DEBUG_INFORMATION_FORMAT = "dwarf-with-dsym";
				DEVELOPMENT_TEAM = PLCQ429BJM;
				ENABLE_NS_ASSERTIONS = NO;
				ENABLE_STRICT_OBJC_MSGSEND = YES;
				ENABLE_USER_SCRIPT_SANDBOXING = YES;
				GCC_C_LANGUAGE_STANDARD = gnu17;
				GCC_NO_COMMON_BLOCKS = YES;
				GCC_WARN_64_TO_32_BIT_CONVERSION = YES;
				GCC_WARN_ABOUT_RETURN_TYPE = YES_ERROR;
				GCC_WARN_UNDECLARED_SELECTOR = YES;
				GCC_WARN_UNINITIALIZED_AUTOS = YES_AGGRESSIVE;
				GCC_WARN_UNUSED_FUNCTION = YES;
				GCC_WARN_UNUSED_VARIABLE = YES;
				IPHONEOS_DEPLOYMENT_TARGET = 18.4;
				LOCALIZATION_PREFERS_STRING_CATALOGS = YES;
				MTL_ENABLE_DEBUG_INFO = NO;
				MTL_FAST_MATH = YES;
				SDKROOT = iphoneos;
				SWIFT_COMPILATION_MODE = wholemodule;
				VALIDATE_PRODUCT = YES;
			};
			name = Release;
		};
		69B7CF112ED3D0000025CCE7 /* Debug */ = {
			isa = XCBuildConfiguration;
			buildSettings = {
				ASSETCATALOG_COMPILER_APPICON_NAME = AppIcon;
				ASSETCATALOG_COMPILER_GLOBAL_ACCENT_COLOR_NAME = AccentColor;
				CODE_SIGN_ENTITLEMENTS = FolioMind/FolioMind.entitlements;
				CODE_SIGN_STYLE = Automatic;
				CURRENT_PROJECT_VERSION = 1.1;
				DEVELOPMENT_TEAM = PLCQ429BJM;
				ENABLE_PREVIEWS = YES;
				GENERATE_INFOPLIST_FILE = YES;
				INFOPLIST_FILE = FolioMind/Info.plist;
				INFOPLIST_KEY_CFBundleDisplayName = "Folio Mind";
				INFOPLIST_KEY_LSApplicationCategoryType = "public.app-category.utilities";
				INFOPLIST_KEY_NSCalendarsUsageDescription = "Allow FolioMind to add follow-up events to your calendar.";
				INFOPLIST_KEY_NSCameraUsageDescription = "Allow FolioMind to scan documents and capture photos for analysis.";
				INFOPLIST_KEY_NSLocalNetworkUsageDescription = "FolioMind needs to connect to your local development server for testing.";
				INFOPLIST_KEY_NSMicrophoneUsageDescription = "Allow FolioMind to record audio notes.";
				INFOPLIST_KEY_NSPhotoLibraryUsageDescription = "Allow FolioMind to import photos or scans for document analysis.";
				INFOPLIST_KEY_NSRemindersUsageDescription = "Allow FolioMind to create reminders for due dates and follow-ups.";
				INFOPLIST_KEY_NSSpeechRecognitionUsageDescription = "Allow FolioMind to transcribe your audio notes for summaries.";
				INFOPLIST_KEY_UIApplicationSceneManifest_Generation = YES;
				INFOPLIST_KEY_UIApplicationSupportsIndirectInputEvents = YES;
				INFOPLIST_KEY_UILaunchScreen_Generation = YES;
				INFOPLIST_KEY_UISupportedInterfaceOrientations_iPad = "UIInterfaceOrientationPortrait UIInterfaceOrientationPortraitUpsideDown UIInterfaceOrientationLandscapeLeft UIInterfaceOrientationLandscapeRight";
				INFOPLIST_KEY_UISupportedInterfaceOrientations_iPhone = "UIInterfaceOrientationPortrait UIInterfaceOrientationLandscapeLeft UIInterfaceOrientationLandscapeRight";
				LD_RUNPATH_SEARCH_PATHS = (
					"$(inherited)",
					"@executable_path/Frameworks",
				);
				MARKETING_VERSION = 1.0;
				PRODUCT_BUNDLE_IDENTIFIER = com.lz.studio.FolioMind;
				PRODUCT_NAME = "$(TARGET_NAME)";
				SUPPORTED_PLATFORMS = "iphoneos iphonesimulator";
				SUPPORTS_MACCATALYST = NO;
				SUPPORTS_MAC_DESIGNED_FOR_IPHONE_IPAD = NO;
				SUPPORTS_XR_DESIGNED_FOR_IPHONE_IPAD = NO;
				SWIFT_EMIT_LOC_STRINGS = YES;
				SWIFT_VERSION = 5.0;
				TARGETED_DEVICE_FAMILY = "1,2";
			};
			name = Debug;
		};
		69B7CF122ED3D0000025CCE7 /* Release */ = {
			isa = XCBuildConfiguration;
			buildSettings = {
				ASSETCATALOG_COMPILER_APPICON_NAME = AppIcon;
				ASSETCATALOG_COMPILER_GLOBAL_ACCENT_COLOR_NAME = AccentColor;
				CODE_SIGN_ENTITLEMENTS = FolioMind/FolioMind.entitlements;
				CODE_SIGN_STYLE = Automatic;
				CURRENT_PROJECT_VERSION = 1.1;
				DEVELOPMENT_TEAM = PLCQ429BJM;
				ENABLE_PREVIEWS = YES;
				GENERATE_INFOPLIST_FILE = YES;
				INFOPLIST_FILE = FolioMind/Info.plist;
				INFOPLIST_KEY_CFBundleDisplayName = "Folio Mind";
				INFOPLIST_KEY_LSApplicationCategoryType = "public.app-category.utilities";
				INFOPLIST_KEY_NSCalendarsUsageDescription = "Allow FolioMind to add follow-up events to your calendar.";
				INFOPLIST_KEY_NSCameraUsageDescription = "Allow FolioMind to scan documents and capture photos for analysis.";
				INFOPLIST_KEY_NSLocalNetworkUsageDescription = "FolioMind needs to connect to your local development server for testing.";
				INFOPLIST_KEY_NSMicrophoneUsageDescription = "Allow FolioMind to record audio notes.";
				INFOPLIST_KEY_NSPhotoLibraryUsageDescription = "Allow FolioMind to import photos or scans for document analysis.";
				INFOPLIST_KEY_NSRemindersUsageDescription = "Allow FolioMind to create reminders for due dates and follow-ups.";
				INFOPLIST_KEY_NSSpeechRecognitionUsageDescription = "Allow FolioMind to transcribe your audio notes for summaries.";
				INFOPLIST_KEY_UIApplicationSceneManifest_Generation = YES;
				INFOPLIST_KEY_UIApplicationSupportsIndirectInputEvents = YES;
				INFOPLIST_KEY_UILaunchScreen_Generation = YES;
				INFOPLIST_KEY_UISupportedInterfaceOrientations_iPad = "UIInterfaceOrientationPortrait UIInterfaceOrientationPortraitUpsideDown UIInterfaceOrientationLandscapeLeft UIInterfaceOrientationLandscapeRight";
				INFOPLIST_KEY_UISupportedInterfaceOrientations_iPhone = "UIInterfaceOrientationPortrait UIInterfaceOrientationLandscapeLeft UIInterfaceOrientationLandscapeRight";
				LD_RUNPATH_SEARCH_PATHS = (
					"$(inherited)",
					"@executable_path/Frameworks",
				);
				MARKETING_VERSION = 1.0;
				PRODUCT_BUNDLE_IDENTIFIER = com.lz.studio.FolioMind;
				PRODUCT_NAME = "$(TARGET_NAME)";
				SUPPORTED_PLATFORMS = "iphoneos iphonesimulator";
				SUPPORTS_MACCATALYST = NO;
				SUPPORTS_MAC_DESIGNED_FOR_IPHONE_IPAD = NO;
				SUPPORTS_XR_DESIGNED_FOR_IPHONE_IPAD = NO;
				SWIFT_ACTIVE_COMPILATION_CONDITIONS = DEBUG;
				"SWIFT_ACTIVE_COMPILATION_CONDITIONS[arch=*]" = "";
				SWIFT_EMIT_LOC_STRINGS = YES;
				SWIFT_VERSION = 5.0;
				TARGETED_DEVICE_FAMILY = "1,2";
			};
			name = Release;
		};
		69B7CF142ED3D0000025CCE7 /* Debug */ = {
			isa = XCBuildConfiguration;
			buildSettings = {
				BUNDLE_LOADER = "$(TEST_HOST)";
				CODE_SIGN_STYLE = Automatic;
				CURRENT_PROJECT_VERSION = 1;
				DEVELOPMENT_TEAM = PLCQ429BJM;
				GENERATE_INFOPLIST_FILE = YES;
				IPHONEOS_DEPLOYMENT_TARGET = 18.4;
				MARKETING_VERSION = 1.0;
				PRODUCT_BUNDLE_IDENTIFIER = com.lz.studio.FolioMindTests;
				PRODUCT_NAME = "$(TARGET_NAME)";
				SWIFT_EMIT_LOC_STRINGS = NO;
				SWIFT_VERSION = 5.0;
				TARGETED_DEVICE_FAMILY = "1,2";
				TEST_HOST = "$(BUILT_PRODUCTS_DIR)/FolioMind.app/$(BUNDLE_EXECUTABLE_FOLDER_PATH)/FolioMind";
			};
			name = Debug;
		};
		69B7CF152ED3D0000025CCE7 /* Release */ = {
			isa = XCBuildConfiguration;
			buildSettings = {
				BUNDLE_LOADER = "$(TEST_HOST)";
				CODE_SIGN_STYLE = Automatic;
				CURRENT_PROJECT_VERSION = 1;
				DEVELOPMENT_TEAM = PLCQ429BJM;
				GENERATE_INFOPLIST_FILE = YES;
				IPHONEOS_DEPLOYMENT_TARGET = 18.4;
				MARKETING_VERSION = 1.0;
				PRODUCT_BUNDLE_IDENTIFIER = com.lz.studio.FolioMindTests;
				PRODUCT_NAME = "$(TARGET_NAME)";
				SWIFT_EMIT_LOC_STRINGS = NO;
				SWIFT_VERSION = 5.0;
				TARGETED_DEVICE_FAMILY = "1,2";
				TEST_HOST = "$(BUILT_PRODUCTS_DIR)/FolioMind.app/$(BUNDLE_EXECUTABLE_FOLDER_PATH)/FolioMind";
			};
			name = Release;
		};
		69B7CF172ED3D0000025CCE7 /* Debug */ = {
			isa = XCBuildConfiguration;
			buildSettings = {
				CODE_SIGN_STYLE = Automatic;
				CURRENT_PROJECT_VERSION = 1;
				DEVELOPMENT_TEAM = PLCQ429BJM;
				GENERATE_INFOPLIST_FILE = YES;
				MARKETING_VERSION = 1.0;
				PRODUCT_BUNDLE_IDENTIFIER = com.lz.studio.FolioMindUITests;
				PRODUCT_NAME = "$(TARGET_NAME)";
				SWIFT_EMIT_LOC_STRINGS = NO;
				SWIFT_VERSION = 5.0;
				TARGETED_DEVICE_FAMILY = "1,2";
				TEST_TARGET_NAME = FolioMind;
			};
			name = Debug;
		};
		69B7CF182ED3D0000025CCE7 /* Release */ = {
			isa = XCBuildConfiguration;
			buildSettings = {
				CODE_SIGN_STYLE = Automatic;
				CURRENT_PROJECT_VERSION = 1;
				DEVELOPMENT_TEAM = PLCQ429BJM;
				GENERATE_INFOPLIST_FILE = YES;
				MARKETING_VERSION = 1.0;
				PRODUCT_BUNDLE_IDENTIFIER = com.lz.studio.FolioMindUITests;
				PRODUCT_NAME = "$(TARGET_NAME)";
				SWIFT_EMIT_LOC_STRINGS = NO;
				SWIFT_VERSION = 5.0;
				TARGETED_DEVICE_FAMILY = "1,2";
				TEST_TARGET_NAME = FolioMind;
			};
			name = Release;
		};
/* End XCBuildConfiguration section */

/* Begin XCConfigurationList section */
		69B7CEE82ED3CFFD0025CCE7 /* Build configuration list for PBXProject "FolioMind" */ = {
			isa = XCConfigurationList;
			buildConfigurations = (
				69B7CF0E2ED3D0000025CCE7 /* Debug */,
				69B7CF0F2ED3D0000025CCE7 /* Release */,
			);
			defaultConfigurationIsVisible = 0;
			defaultConfigurationName = Release;
		};
		69B7CF102ED3D0000025CCE7 /* Build configuration list for PBXNativeTarget "FolioMind" */ = {
			isa = XCConfigurationList;
			buildConfigurations = (
				69B7CF112ED3D0000025CCE7 /* Debug */,
				69B7CF122ED3D0000025CCE7 /* Release */,
			);
			defaultConfigurationIsVisible = 0;
			defaultConfigurationName = Release;
		};
		69B7CF132ED3D0000025CCE7 /* Build configuration list for PBXNativeTarget "FolioMindTests" */ = {
			isa = XCConfigurationList;
			buildConfigurations = (
				69B7CF142ED3D0000025CCE7 /* Debug */,
				69B7CF152ED3D0000025CCE7 /* Release */,
			);
			defaultConfigurationIsVisible = 0;
			defaultConfigurationName = Release;
		};
		69B7CF162ED3D0000025CCE7 /* Build configuration list for PBXNativeTarget "FolioMindUITests" */ = {
			isa = XCConfigurationList;
			buildConfigurations = (
				69B7CF172ED3D0000025CCE7 /* Debug */,
				69B7CF182ED3D0000025CCE7 /* Release */,
			);
			defaultConfigurationIsVisible = 0;
			defaultConfigurationName = Release;
		};
/* End XCConfigurationList section */
	};
	rootObject = 69B7CEE52ED3CFFD0025CCE7 /* Project object */;
}
